{
  "name": "bpmn-moddle-auto-layout",
  "version": "1.0.0",
  "lockfileVersion": 1,
  "requires": true,
  "dependencies": {
    "bpmn-moddle": {
      "version": "0.12.4",
      "resolved": "https://registry.npmjs.org/bpmn-moddle/-/bpmn-moddle-0.12.4.tgz",
      "integrity": "sha1-OQQ3A8PRJ+xktSVqc9ljUkl67s8=",
      "requires": {
        "lodash": "^3.0.0",
        "moddle": "^0.8.0",
        "moddle-xml": "^0.12.0"
      }
    },
    "lodash": {
      "version": "3.10.1",
      "resolved": "https://registry.npmjs.org/lodash/-/lodash-3.10.1.tgz",
      "integrity": "sha1-W/Rejkm6QYnhfUgnid/RW9FAt7Y="
    },
    "moddle": {
      "version": "0.8.0",
      "resolved": "https://registry.npmjs.org/moddle/-/moddle-0.8.0.tgz",
      "integrity": "sha1-h9MU9S+Asfmof/afcP4tz+EdqE0=",
      "requires": {
        "lodash": "^3.0.0"
      }
    },
    "moddle-xml": {
      "version": "0.12.0",
      "resolved": "https://registry.npmjs.org/moddle-xml/-/moddle-xml-0.12.0.tgz",
      "integrity": "sha1-/DYe0RPa032V6eFIwS0uOF4769w=",
      "requires": {
        "lodash": "^3.0.0",
        "moddle": "^0.8.0",
        "sax": "~0.6.0",
        "tiny-stack": "^0.1.0"
      }
    },
    "sax": {
      "version": "0.6.1",
      "resolved": "https://registry.npmjs.org/sax/-/sax-0.6.1.tgz",
      "integrity": "sha1-VjsZx8HeiS4Jv8Ty/DDjwn8JUrk="
    },
    "tiny-stack": {
      "version": "0.1.0",
      "resolved": "https://registry.npmjs.org/tiny-stack/-/tiny-stack-0.1.0.tgz",
      "integrity": "sha1-GoSBc/wL/FTne7LpUE0tPIrXliE="
    }
  }
}
